
Microsoft Visual Studio Solution File, Format Version 12.00
Project("{2150E333-8FDC-42A3-9474-1A3956D46DE8}") = "src", "src", "{B0F92848-B0C9-4596-8FC7-AFEEA894E3C5}"
EndProject
Project("{2150E333-8FDC-42A3-9474-1A3956D46DE8}") = "Building Blocks", "Building Blocks", "{A11945D8-15A1-470C-88D5-F766F7814842}"
EndProject
Project("{2150E333-8FDC-42A3-9474-1A3956D46DE8}") = "Services", "Services", "{41BB37B6-3805-401A-ADA5-CCCBDAFD5718}"
EndProject
Project("{2150E333-8FDC-42A3-9474-1A3956D46DE8}") = "Web", "Web", "{F8E4AC96-54B0-4B75-AD2A-CBC0A7C4390E}"
EndProject
Project("{2150E333-8FDC-42A3-9474-1A3956D46DE8}") = "Identidade", "Identidade", "{4224B9B6-897A-4C0E-BFD2-0DE722EFD4E3}"
EndProject
Project("{2150E333-8FDC-42A3-9474-1A3956D46DE8}") = "MVC", "MVC", "{34F164F6-C33F-474A-B6CA-15B34C75AF41}"
EndProject
Project("{FAE04EC0-301F-11D3-BF4B-00C04F79EFBC}") = "NSE.WebApp.MVC", "src\web\NSE.WebApp.MVC\NSE.WebApp.MVC.csproj", "{6A09F7B6-D631-4DB4-92E5-1EB71E630B70}"
EndProject
Project("{2150E333-8FDC-42A3-9474-1A3956D46DE8}") = "core", "core", "{E271C363-0749-4AD1-97D3-C57986DAC325}"
EndProject
Project("{FAE04EC0-301F-11D3-BF4B-00C04F79EFBC}") = "NSE.Core", "src\building blocks\NSE.Core\NSE.Core.csproj", "{546EF7B4-6CF9-4A43-9BFF-B7A5AD8EC952}"
EndProject
Project("{FAE04EC0-301F-11D3-BF4B-00C04F79EFBC}") = "NSE.Identidate.API", "src\servicos\identidade\NSE.Identidate.API\NSE.Identidate.API.csproj", "{0D94DAB9-50E4-48C6-BD9C-9A698296C135}"
EndProject
Project("{2150E333-8FDC-42A3-9474-1A3956D46DE8}") = "Carrinho", "Carrinho", "{5AC96F82-797F-4788-ACE0-A4D5DBA88298}"
EndProject
Project("{FAE04EC0-301F-11D3-BF4B-00C04F79EFBC}") = "NSE.Carrinho.API", "src\servicos\carrinho\NSE.Carrinho.API\NSE.Carrinho.API.csproj", "{ED609BFD-46EC-4D2B-B266-4B4A012AF9D7}"
EndProject
Project("{2150E333-8FDC-42A3-9474-1A3956D46DE8}") = "Catalogo", "Catalogo", "{35104592-3F0D-43DE-8D9D-B714763549F0}"
EndProject
Project("{2150E333-8FDC-42A3-9474-1A3956D46DE8}") = "Cliente", "Cliente", "{F4099B5B-FF58-4583-B59A-CB7B8F9C8390}"
EndProject
Project("{2150E333-8FDC-42A3-9474-1A3956D46DE8}") = "Pagamento", "Pagamento", "{5A553B3E-BFBE-4DEC-81DC-0C6F6EB21DF8}"
EndProject
Project("{2150E333-8FDC-42A3-9474-1A3956D46DE8}") = "Pedido", "Pedido", "{21CE6AED-D60C-4694-AE8E-7B3765B3018D}"
EndProject
Project("{FAE04EC0-301F-11D3-BF4B-00C04F79EFBC}") = "NSE.Calalogo.API", "src\servicos\catalogo\NSE.Calalogo.API\NSE.Calalogo.API.csproj", "{EBFEBB47-D8B0-46D3-8FA1-11CC6792F246}"
EndProject
Project("{FAE04EC0-301F-11D3-BF4B-00C04F79EFBC}") = "NSE.Cliente.API", "src\servicos\cliente\NSE.Cliente.API\NSE.Cliente.API.csproj", "{CA4401A3-48B9-4B13-810E-31731E133A26}"
EndProject
Project("{FAE04EC0-301F-11D3-BF4B-00C04F79EFBC}") = "NSE.Pagamento.API", "src\servicos\pagamento\NSE.Pagamento.API\NSE.Pagamento.API.csproj", "{7FD622C0-CF8B-49CF-8255-1DB189605918}"
EndProject
Project("{FAE04EC0-301F-11D3-BF4B-00C04F79EFBC}") = "NSE.Pedido.API", "src\servicos\pedido\NSE.Pedido.API\NSE.Pedido.API.csproj", "{2C70C389-6C1C-484B-A383-24D479026FE8}"
EndProject
Global
	GlobalSection(SolutionConfigurationPlatforms) = preSolution
		Debug|Any CPU = Debug|Any CPU
		Release|Any CPU = Release|Any CPU
	EndGlobalSection
	GlobalSection(NestedProjects) = preSolution
		{A11945D8-15A1-470C-88D5-F766F7814842} = {B0F92848-B0C9-4596-8FC7-AFEEA894E3C5}
		{41BB37B6-3805-401A-ADA5-CCCBDAFD5718} = {B0F92848-B0C9-4596-8FC7-AFEEA894E3C5}
		{F8E4AC96-54B0-4B75-AD2A-CBC0A7C4390E} = {B0F92848-B0C9-4596-8FC7-AFEEA894E3C5}
		{4224B9B6-897A-4C0E-BFD2-0DE722EFD4E3} = {41BB37B6-3805-401A-ADA5-CCCBDAFD5718}
		{34F164F6-C33F-474A-B6CA-15B34C75AF41} = {F8E4AC96-54B0-4B75-AD2A-CBC0A7C4390E}
		{6A09F7B6-D631-4DB4-92E5-1EB71E630B70} = {34F164F6-C33F-474A-B6CA-15B34C75AF41}
		{E271C363-0749-4AD1-97D3-C57986DAC325} = {A11945D8-15A1-470C-88D5-F766F7814842}
		{546EF7B4-6CF9-4A43-9BFF-B7A5AD8EC952} = {E271C363-0749-4AD1-97D3-C57986DAC325}
		{0D94DAB9-50E4-48C6-BD9C-9A698296C135} = {4224B9B6-897A-4C0E-BFD2-0DE722EFD4E3}
		{5AC96F82-797F-4788-ACE0-A4D5DBA88298} = {41BB37B6-3805-401A-ADA5-CCCBDAFD5718}
		{ED609BFD-46EC-4D2B-B266-4B4A012AF9D7} = {5AC96F82-797F-4788-ACE0-A4D5DBA88298}
		{35104592-3F0D-43DE-8D9D-B714763549F0} = {41BB37B6-3805-401A-ADA5-CCCBDAFD5718}
		{F4099B5B-FF58-4583-B59A-CB7B8F9C8390} = {41BB37B6-3805-401A-ADA5-CCCBDAFD5718}
		{5A553B3E-BFBE-4DEC-81DC-0C6F6EB21DF8} = {41BB37B6-3805-401A-ADA5-CCCBDAFD5718}
		{21CE6AED-D60C-4694-AE8E-7B3765B3018D} = {41BB37B6-3805-401A-ADA5-CCCBDAFD5718}
		{EBFEBB47-D8B0-46D3-8FA1-11CC6792F246} = {35104592-3F0D-43DE-8D9D-B714763549F0}
		{CA4401A3-48B9-4B13-810E-31731E133A26} = {F4099B5B-FF58-4583-B59A-CB7B8F9C8390}
		{7FD622C0-CF8B-49CF-8255-1DB189605918} = {5A553B3E-BFBE-4DEC-81DC-0C6F6EB21DF8}
		{2C70C389-6C1C-484B-A383-24D479026FE8} = {21CE6AED-D60C-4694-AE8E-7B3765B3018D}
	EndGlobalSection
	GlobalSection(ProjectConfigurationPlatforms) = postSolution
		{6A09F7B6-D631-4DB4-92E5-1EB71E630B70}.Debug|Any CPU.ActiveCfg = Debug|Any CPU
		{6A09F7B6-D631-4DB4-92E5-1EB71E630B70}.Debug|Any CPU.Build.0 = Debug|Any CPU
		{6A09F7B6-D631-4DB4-92E5-1EB71E630B70}.Release|Any CPU.ActiveCfg = Release|Any CPU
		{6A09F7B6-D631-4DB4-92E5-1EB71E630B70}.Release|Any CPU.Build.0 = Release|Any CPU
		{546EF7B4-6CF9-4A43-9BFF-B7A5AD8EC952}.Debug|Any CPU.ActiveCfg = Debug|Any CPU
		{546EF7B4-6CF9-4A43-9BFF-B7A5AD8EC952}.Debug|Any CPU.Build.0 = Debug|Any CPU
		{546EF7B4-6CF9-4A43-9BFF-B7A5AD8EC952}.Release|Any CPU.ActiveCfg = Release|Any CPU
		{546EF7B4-6CF9-4A43-9BFF-B7A5AD8EC952}.Release|Any CPU.Build.0 = Release|Any CPU
		{0D94DAB9-50E4-48C6-BD9C-9A698296C135}.Debug|Any CPU.ActiveCfg = Debug|Any CPU
		{0D94DAB9-50E4-48C6-BD9C-9A698296C135}.Debug|Any CPU.Build.0 = Debug|Any CPU
		{0D94DAB9-50E4-48C6-BD9C-9A698296C135}.Release|Any CPU.ActiveCfg = Release|Any CPU
		{0D94DAB9-50E4-48C6-BD9C-9A698296C135}.Release|Any CPU.Build.0 = Release|Any CPU
		{ED609BFD-46EC-4D2B-B266-4B4A012AF9D7}.Debug|Any CPU.ActiveCfg = Debug|Any CPU
		{ED609BFD-46EC-4D2B-B266-4B4A012AF9D7}.Debug|Any CPU.Build.0 = Debug|Any CPU
		{ED609BFD-46EC-4D2B-B266-4B4A012AF9D7}.Release|Any CPU.ActiveCfg = Release|Any CPU
		{ED609BFD-46EC-4D2B-B266-4B4A012AF9D7}.Release|Any CPU.Build.0 = Release|Any CPU
		{EBFEBB47-D8B0-46D3-8FA1-11CC6792F246}.Debug|Any CPU.ActiveCfg = Debug|Any CPU
		{EBFEBB47-D8B0-46D3-8FA1-11CC6792F246}.Debug|Any CPU.Build.0 = Debug|Any CPU
		{EBFEBB47-D8B0-46D3-8FA1-11CC6792F246}.Release|Any CPU.ActiveCfg = Release|Any CPU
		{EBFEBB47-D8B0-46D3-8FA1-11CC6792F246}.Release|Any CPU.Build.0 = Release|Any CPU
		{CA4401A3-48B9-4B13-810E-31731E133A26}.Debug|Any CPU.ActiveCfg = Debug|Any CPU
		{CA4401A3-48B9-4B13-810E-31731E133A26}.Debug|Any CPU.Build.0 = Debug|Any CPU
		{CA4401A3-48B9-4B13-810E-31731E133A26}.Release|Any CPU.ActiveCfg = Release|Any CPU
		{CA4401A3-48B9-4B13-810E-31731E133A26}.Release|Any CPU.Build.0 = Release|Any CPU
		{7FD622C0-CF8B-49CF-8255-1DB189605918}.Debug|Any CPU.ActiveCfg = Debug|Any CPU
		{7FD622C0-CF8B-49CF-8255-1DB189605918}.Debug|Any CPU.Build.0 = Debug|Any CPU
		{7FD622C0-CF8B-49CF-8255-1DB189605918}.Release|Any CPU.ActiveCfg = Release|Any CPU
		{7FD622C0-CF8B-49CF-8255-1DB189605918}.Release|Any CPU.Build.0 = Release|Any CPU
		{2C70C389-6C1C-484B-A383-24D479026FE8}.Debug|Any CPU.ActiveCfg = Debug|Any CPU
		{2C70C389-6C1C-484B-A383-24D479026FE8}.Debug|Any CPU.Build.0 = Debug|Any CPU
		{2C70C389-6C1C-484B-A383-24D479026FE8}.Release|Any CPU.ActiveCfg = Release|Any CPU
		{2C70C389-6C1C-484B-A383-24D479026FE8}.Release|Any CPU.Build.0 = Release|Any CPU
	EndGlobalSection
EndGlobal
